
Microsoft Visual Studio Solution File, Format Version 12.00
# Visual Studio 2013
VisualStudioVersion = 12.0.31101.0
MinimumVisualStudioVersion = 10.0.40219.1
Project("{8BC9CEB8-8B4A-11D0-8D11-00A0C91BC942}") = "BicycleAdventure", "BicycleAdventure.vcxproj", "{8DDA0A9A-0991-438E-9D71-F14FDF51F36D}"
EndProject
Project("{2150E333-8FDC-42A3-9474-1A3956D46DE8}") = "Solution Items", "Solution Items", "{D43B0DF9-5BE4-482C-BB0E-D6C8AF69F4F3}"
EndProject
Global
	GlobalSection(SolutionConfigurationPlatforms) = preSolution
		Debug|ARM = Debug|ARM
		Debug|Win32 = Debug|Win32
		Release|ARM = Release|ARM
		Release|Win32 = Release|Win32
	EndGlobalSection
	GlobalSection(ProjectConfigurationPlatforms) = postSolution
		{8DDA0A9A-0991-438E-9D71-F14FDF51F36D}.Debug|ARM.ActiveCfg = Debug|ARM
		{8DDA0A9A-0991-438E-9D71-F14FDF51F36D}.Debug|ARM.Build.0 = Debug|ARM
		{8DDA0A9A-0991-438E-9D71-F14FDF51F36D}.Debug|ARM.Deploy.0 = Debug|ARM
		{8DDA0A9A-0991-438E-9D71-F14FDF51F36D}.Debug|Win32.ActiveCfg = Debug|Win32
		{8DDA0A9A-0991-438E-9D71-F14FDF51F36D}.Debug|Win32.Build.0 = Debug|Win32
		{8DDA0A9A-0991-438E-9D71-F14FDF51F36D}.Debug|Win32.Deploy.0 = Debug|Win32
		{8DDA0A9A-0991-438E-9D71-F14FDF51F36D}.Release|ARM.ActiveCfg = Release|ARM
		{8DDA0A9A-0991-438E-9D71-F14FDF51F36D}.Release|ARM.Build.0 = Release|ARM
		{8DDA0A9A-0991-438E-9D71-F14FDF51F36D}.Release|ARM.Deploy.0 = Release|ARM
		{8DDA0A9A-0991-438E-9D71-F14FDF51F36D}.Release|Win32.ActiveCfg = Release|Win32
		{8DDA0A9A-0991-438E-9D71-F14FDF51F36D}.Release|Win32.Build.0 = Release|Win32
		{8DDA0A9A-0991-438E-9D71-F14FDF51F36D}.Release|Win32.Deploy.0 = Release|Win32
	EndGlobalSection
	GlobalSection(SolutionProperties) = preSolution
		HideSolutionNode = FALSE
	EndGlobalSection
EndGlobal
